codeberg.org/anaseto/gruid v0.23.0 h1:io6D5LJuouPh5+BN3iAbZG/fQXlkRQJ16AthiDIFP+Q=
codeberg.org/anaseto/gruid v0.23.0/go.mod h1:iNBr9jCM/LliZWAWfI1IPb3N+ILAzP/i9e+WsP0thbQ=
github.com/golang-queue/queue v0.3.0 h1:gyBLNT9EDOsChazYScp8iLiwLfG0SdnCDmNUybcHig4=
github.com/golang-queue/queue v0.3.0/go.mod h1:SkjMwz1TjxZOrF7kABvbar1CagcMxwRtXt5Tx00wb4g=
github.com/jpillora/backoff v1.0.0 h1:uvFg412JmmHBHw7iwprIxkPMI+sGQ4kzOWsMeHnm2EA=
github.com/jpillora/backoff v1.0.0/go.mod h1:J/6gKK9jxlEcS3zixgDgUAsiuZ7yrSoa/FX5e0EB2j4=
golang.org/x/image v0.0.0-20201208152932-35266b937fa6 h1:nfeHNc1nAqecKCy2FCy4HY+soOOe5sDLJ/gZLbx6GYI=
golang.org/x/image v0.0.0-20201208152932-35266b937fa6/go.mod h1:FeLwcggjj3mMvU+oOTbSwawSJRM1uh48EjtB4UJZlP0=
golang.org/x/text v0.3.0/go.mod h1:NqM8EUOU14njkJ3fqMW+pc6Ldnwhi/IjpwHt7yyuwOQ=
